
Microsoft Visual Studio Solution File, Format Version 12.00
Project("{8BC9CEB8-8B4A-11D0-8D11-00A0C91BC942}") = "Task_1_9", "Task_1_9\Task_1_9.vcxproj", "{BEB63C37-3F15-408D-AB84-7473562AE65D}"
EndProject
Global
	GlobalSection(SolutionConfigurationPlatforms) = preSolution
		Debug|Any CPU = Debug|Any CPU
		Release|Any CPU = Release|Any CPU
	EndGlobalSection
	GlobalSection(ProjectConfigurationPlatforms) = postSolution
		{BEB63C37-3F15-408D-AB84-7473562AE65D}.Debug|Any CPU.ActiveCfg = Debug|Win32
		{BEB63C37-3F15-408D-AB84-7473562AE65D}.Debug|Any CPU.Build.0 = Debug|Win32
		{BEB63C37-3F15-408D-AB84-7473562AE65D}.Release|Any CPU.ActiveCfg = Release|Win32
		{BEB63C37-3F15-408D-AB84-7473562AE65D}.Release|Any CPU.Build.0 = Release|Win32
	EndGlobalSection
EndGlobal
